
Microsoft Visual Studio Solution File, Format Version 12.00
# Visual Studio Version 17
VisualStudioVersion = 17.2.32630.192
MinimumVisualStudioVersion = 10.0.40219.1
Project("{FAE04EC0-301F-11D3-BF4B-00C04F79EFBC}") = "ChessMaze", "ChessMaze\ChessMaze.csproj", "{D3F0D2B3-8E1E-4675-BE9A-C7D50A9E777F}"
EndProject
Global
	GlobalSection(SolutionConfigurationPlatforms) = preSolution
		Debug|Any CPU = Debug|Any CPU
		Release|Any CPU = Release|Any CPU
	EndGlobalSection
	GlobalSection(ProjectConfigurationPlatforms) = postSolution
		{D3F0D2B3-8E1E-4675-BE9A-C7D50A9E777F}.Debug|Any CPU.ActiveCfg = Debug|Any CPU
		{D3F0D2B3-8E1E-4675-BE9A-C7D50A9E777F}.Debug|Any CPU.Build.0 = Debug|Any CPU
		{D3F0D2B3-8E1E-4675-BE9A-C7D50A9E777F}.Release|Any CPU.ActiveCfg = Release|Any CPU
		{D3F0D2B3-8E1E-4675-BE9A-C7D50A9E777F}.Release|Any CPU.Build.0 = Release|Any CPU
	EndGlobalSection
	GlobalSection(SolutionProperties) = preSolution
		HideSolutionNode = FALSE
	EndGlobalSection
	GlobalSection(ExtensibilityGlobals) = postSolution
		SolutionGuid = {A90FC7CC-DB6C-438E-910F-F6D1A9E1869D}
	EndGlobalSection
EndGlobal
