
Microsoft Visual Studio Solution File, Format Version 12.00
# Visual Studio Version 17
VisualStudioVersion = 17.2.32630.192
MinimumVisualStudioVersion = 10.0.40219.1
Project("{FAE04EC0-301F-11D3-BF4B-00C04F79EFBC}") = "Assessment1", "Assessment1\Assessment1.csproj", "{CCD8BDF7-56D5-481E-B39F-8EA20CCC7867}"
EndProject
Global
	GlobalSection(SolutionConfigurationPlatforms) = preSolution
		Debug|Any CPU = Debug|Any CPU
		Release|Any CPU = Release|Any CPU
	EndGlobalSection
	GlobalSection(ProjectConfigurationPlatforms) = postSolution
		{CCD8BDF7-56D5-481E-B39F-8EA20CCC7867}.Debug|Any CPU.ActiveCfg = Debug|Any CPU
		{CCD8BDF7-56D5-481E-B39F-8EA20CCC7867}.Debug|Any CPU.Build.0 = Debug|Any CPU
		{CCD8BDF7-56D5-481E-B39F-8EA20CCC7867}.Release|Any CPU.ActiveCfg = Release|Any CPU
		{CCD8BDF7-56D5-481E-B39F-8EA20CCC7867}.Release|Any CPU.Build.0 = Release|Any CPU
	EndGlobalSection
	GlobalSection(SolutionProperties) = preSolution
		HideSolutionNode = FALSE
	EndGlobalSection
	GlobalSection(ExtensibilityGlobals) = postSolution
		SolutionGuid = {42B94F29-D2D4-46CD-82A9-327A753AA638}
	EndGlobalSection
EndGlobal
